
Microsoft Visual Studio Solution File, Format Version 12.00
# Visual Studio Version 16
VisualStudioVersion = 16.0.32630.194
MinimumVisualStudioVersion = 10.0.40219.1
Project("{FAE04EC0-301F-11D3-BF4B-00C04F79EFBC}") = "AppCalculator.Android", "AppCalculator.Android\AppCalculator.Android.csproj", "{0123829C-F330-4936-804C-C578F6AF0F58}"
EndProject
Project("{FAE04EC0-301F-11D3-BF4B-00C04F79EFBC}") = "AppCalculator", "AppCalculator\AppCalculator.csproj", "{695C1DD4-6006-43B8-8CE1-1EA0845E7A6F}"
EndProject
Global
	GlobalSection(SolutionConfigurationPlatforms) = preSolution
		Debug|Any CPU = Debug|Any CPU
		Release|Any CPU = Release|Any CPU
	EndGlobalSection
	GlobalSection(ProjectConfigurationPlatforms) = postSolution
		{0123829C-F330-4936-804C-C578F6AF0F58}.Debug|Any CPU.ActiveCfg = Debug|Any CPU
		{0123829C-F330-4936-804C-C578F6AF0F58}.Debug|Any CPU.Build.0 = Debug|Any CPU
		{0123829C-F330-4936-804C-C578F6AF0F58}.Debug|Any CPU.Deploy.0 = Debug|Any CPU
		{0123829C-F330-4936-804C-C578F6AF0F58}.Release|Any CPU.ActiveCfg = Release|Any CPU
		{0123829C-F330-4936-804C-C578F6AF0F58}.Release|Any CPU.Build.0 = Release|Any CPU
		{0123829C-F330-4936-804C-C578F6AF0F58}.Release|Any CPU.Deploy.0 = Release|Any CPU
		{695C1DD4-6006-43B8-8CE1-1EA0845E7A6F}.Debug|Any CPU.ActiveCfg = Debug|Any CPU
		{695C1DD4-6006-43B8-8CE1-1EA0845E7A6F}.Debug|Any CPU.Build.0 = Debug|Any CPU
		{695C1DD4-6006-43B8-8CE1-1EA0845E7A6F}.Debug|Any CPU.Deploy.0 = Debug|Any CPU
		{695C1DD4-6006-43B8-8CE1-1EA0845E7A6F}.Release|Any CPU.ActiveCfg = Release|Any CPU
		{695C1DD4-6006-43B8-8CE1-1EA0845E7A6F}.Release|Any CPU.Build.0 = Release|Any CPU
		{695C1DD4-6006-43B8-8CE1-1EA0845E7A6F}.Release|Any CPU.Deploy.0 = Release|Any CPU
	EndGlobalSection
	GlobalSection(SolutionProperties) = preSolution
		HideSolutionNode = FALSE
	EndGlobalSection
	GlobalSection(ExtensibilityGlobals) = postSolution
		SolutionGuid = {86FA267B-3CCD-435C-A03B-BADB36F02B54}
	EndGlobalSection
EndGlobal
